// !$*UTF8*$!
{
	archiveVersion = 1;
	classes = {
	};
	objectVersion = 48;
	objects = {

/* Begin PBXBuildFile section */
		31F22CB298D20F8CA5E6134E /* Pods_DemoChatApp.framework in Frameworks */ = {isa = PBXBuildFile; fileRef = B3C5D0EDD83B2C9ED90E57CF /* Pods_DemoChatApp.framework */; };
		BE5D29C420297F4E00225D59 /* SWRevealViewController.m in Sources */ = {isa = PBXBuildFile; fileRef = BE5D29C320297F4E00225D59 /* SWRevealViewController.m */; };
		BE7073C72029734A00FCDE07 /* AppDelegate.swift in Sources */ = {isa = PBXBuildFile; fileRef = BE7073C62029734A00FCDE07 /* AppDelegate.swift */; };
		BE7073C92029734A00FCDE07 /* ViewController.swift in Sources */ = {isa = PBXBuildFile; fileRef = BE7073C82029734A00FCDE07 /* ViewController.swift */; };
		BE7073CC2029734A00FCDE07 /* Main.storyboard in Resources */ = {isa = PBXBuildFile; fileRef = BE7073CA2029734A00FCDE07 /* Main.storyboard */; };
		BE7073CE2029734A00FCDE07 /* Assets.xcassets in Resources */ = {isa = PBXBuildFile; fileRef = BE7073CD2029734A00FCDE07 /* Assets.xcassets */; };
		BE7073D12029734A00FCDE07 /* LaunchScreen.storyboard in Resources */ = {isa = PBXBuildFile; fileRef = BE7073CF2029734A00FCDE07 /* LaunchScreen.storyboard */; };
/* End PBXBuildFile section */

/* Begin PBXFileReference section */
		3B6D0D2A64C1FFDBB4EB7E57 /* Pods-DemoChatApp.release.xcconfig */ = {isa = PBXFileReference; includeInIndex = 1; lastKnownFileType = text.xcconfig; name = "Pods-DemoChatApp.release.xcconfig"; path = "Pods/Target Support Files/Pods-DemoChatApp/Pods-DemoChatApp.release.xcconfig"; sourceTree = "<group>"; };
		B3C5D0EDD83B2C9ED90E57CF /* Pods_DemoChatApp.framework */ = {isa = PBXFileReference; explicitFileType = wrapper.framework; includeInIndex = 0; path = Pods_DemoChatApp.framework; sourceTree = BUILT_PRODUCTS_DIR; };
		BE5D29C120297F4C00225D59 /* DemoChatApp-Bridging-Header.h */ = {isa = PBXFileReference; lastKnownFileType = sourcecode.c.h; path = "DemoChatApp-Bridging-Header.h"; sourceTree = "<group>"; };
		BE5D29C220297F4E00225D59 /* SWRevealViewController.h */ = {isa = PBXFileReference; fileEncoding = 4; lastKnownFileType = sourcecode.c.h; path = SWRevealViewController.h; sourceTree = "<group>"; };
		BE5D29C320297F4E00225D59 /* SWRevealViewController.m */ = {isa = PBXFileReference; fileEncoding = 4; lastKnownFileType = sourcecode.c.objc; path = SWRevealViewController.m; sourceTree = "<group>"; };
		BE7073C32029734A00FCDE07 /* DemoChatApp.app */ = {isa = PBXFileReference; explicitFileType = wrapper.application; includeInIndex = 0; path = DemoChatApp.app; sourceTree = BUILT_PRODUCTS_DIR; };
		BE7073C62029734A00FCDE07 /* AppDelegate.swift */ = {isa = PBXFileReference; lastKnownFileType = sourcecode.swift; path = AppDelegate.swift; sourceTree = "<group>"; };
		BE7073C82029734A00FCDE07 /* ViewController.swift */ = {isa = PBXFileReference; lastKnownFileType = sourcecode.swift; path = ViewController.swift; sourceTree = "<group>"; };
		BE7073CB2029734A00FCDE07 /* Base */ = {isa = PBXFileReference; lastKnownFileType = file.storyboard; name = Base; path = Base.lproj/Main.storyboard; sourceTree = "<group>"; };
		BE7073CD2029734A00FCDE07 /* Assets.xcassets */ = {isa = PBXFileReference; lastKnownFileType = folder.assetcatalog; path = Assets.xcassets; sourceTree = "<group>"; };
		BE7073D02029734A00FCDE07 /* Base */ = {isa = PBXFileReference; lastKnownFileType = file.storyboard; name = Base; path = Base.lproj/LaunchScreen.storyboard; sourceTree = "<group>"; };
		BE7073D22029734A00FCDE07 /* Info.plist */ = {isa = PBXFileReference; lastKnownFileType = text.plist.xml; path = Info.plist; sourceTree = "<group>"; };
		E24121BC0AF95C8DF9F6E320 /* Pods-DemoChatApp.debug.xcconfig */ = {isa = PBXFileReference; includeInIndex = 1; lastKnownFileType = text.xcconfig; name = "Pods-DemoChatApp.debug.xcconfig"; path = "Pods/Target Support Files/Pods-DemoChatApp/Pods-DemoChatApp.debug.xcconfig"; sourceTree = "<group>"; };
/* End PBXFileReference section */

/* Begin PBXFrameworksBuildPhase section */
		BE7073C02029734A00FCDE07 /* Frameworks */ = {
			isa = PBXFrameworksBuildPhase;
			buildActionMask = 2147483647;
			files = (
				31F22CB298D20F8CA5E6134E /* Pods_DemoChatApp.framework in Frameworks */,
			);
			runOnlyForDeploymentPostprocessing = 0;
		};
/* End PBXFrameworksBuildPhase section */

/* Begin PBXGroup section */
		9F5CFCBF9000448DFF7679F6 /* Frameworks */ = {
			isa = PBXGroup;
			children = (
				B3C5D0EDD83B2C9ED90E57CF /* Pods_DemoChatApp.framework */,
			);
			name = Frameworks;
			sourceTree = "<group>";
		};
		BE5D29C020297F2F00225D59 /* Supporting Files */ = {
			isa = PBXGroup;
			children = (
				BE5D29C220297F4E00225D59 /* SWRevealViewController.h */,
				BE5D29C320297F4E00225D59 /* SWRevealViewController.m */,
				BE5D29C120297F4C00225D59 /* DemoChatApp-Bridging-Header.h */,
			);
			path = "Supporting Files";
			sourceTree = "<group>";
		};
		BE7073BA2029734A00FCDE07 = {
			isa = PBXGroup;
			children = (
				BE5D29C020297F2F00225D59 /* Supporting Files */,
				BE7073C52029734A00FCDE07 /* DemoChatApp */,
				BE7073C42029734A00FCDE07 /* Products */,
				C1B5655289995F7069AB46EF /* Pods */,
				9F5CFCBF9000448DFF7679F6 /* Frameworks */,
			);
			sourceTree = "<group>";
		};
		BE7073C42029734A00FCDE07 /* Products */ = {
			isa = PBXGroup;
			children = (
				BE7073C32029734A00FCDE07 /* DemoChatApp.app */,
			);
			name = Products;
			sourceTree = "<group>";
		};
		BE7073C52029734A00FCDE07 /* DemoChatApp */ = {
			isa = PBXGroup;
			children = (
				BE7073C62029734A00FCDE07 /* AppDelegate.swift */,
				BE7073C82029734A00FCDE07 /* ViewController.swift */,
				BE7073CA2029734A00FCDE07 /* Main.storyboard */,
				BE7073CD2029734A00FCDE07 /* Assets.xcassets */,
				BE7073CF2029734A00FCDE07 /* LaunchScreen.storyboard */,
				BE7073D22029734A00FCDE07 /* Info.plist */,
			);
			path = DemoChatApp;
			sourceTree = "<group>";
		};
		C1B5655289995F7069AB46EF /* Pods */ = {
			isa = PBXGroup;
			children = (
				E24121BC0AF95C8DF9F6E320 /* Pods-DemoChatApp.debug.xcconfig */,
				3B6D0D2A64C1FFDBB4EB7E57 /* Pods-DemoChatApp.release.xcconfig */,
			);
			name = Pods;
			sourceTree = "<group>";
		};
/* End PBXGroup section */

/* Begin PBXNativeTarget section */
		BE7073C22029734A00FCDE07 /* DemoChatApp */ = {
			isa = PBXNativeTarget;
			buildConfigurationList = BE7073D52029734A00FCDE07 /* Build configuration list for PBXNativeTarget "DemoChatApp" */;
			buildPhases = (
				17D82232AB0083C8C62D0D4A /* [CP] Check Pods Manifest.lock */,
				BE7073BF2029734A00FCDE07 /* Sources */,
				BE7073C02029734A00FCDE07 /* Frameworks */,
				BE7073C12029734A00FCDE07 /* Resources */,
				0ABBB2CEFD78CC5CE053F324 /* [CP] Embed Pods Frameworks */,
				928828F7FE918488B6692603 /* [CP] Copy Pods Resources */,
			);
			buildRules = (
			);
			dependencies = (
			);
			name = DemoChatApp;
			productName = DemoChatApp;
			productReference = BE7073C32029734A00FCDE07 /* DemoChatApp.app */;
			productType = "com.apple.product-type.application";
		};
/* End PBXNativeTarget section */

/* Begin PBXProject section */
		BE7073BB2029734A00FCDE07 /* Project object */ = {
			isa = PBXProject;
			attributes = {
				LastSwiftUpdateCheck = 0920;
				LastUpgradeCheck = 0920;
				ORGANIZATIONNAME = "Yau On Chow";
				TargetAttributes = {
					BE7073C22029734A00FCDE07 = {
						CreatedOnToolsVersion = 9.2;
						LastSwiftMigration = 0920;
						ProvisioningStyle = Automatic;
					};
				};
			};
			buildConfigurationList = BE7073BE2029734A00FCDE07 /* Build configuration list for PBXProject "DemoChatApp" */;
			compatibilityVersion = "Xcode 8.0";
			developmentRegion = en;
			hasScannedForEncodings = 0;
			knownRegions = (
				en,
				Base,
			);
			mainGroup = BE7073BA2029734A00FCDE07;
			productRefGroup = BE7073C42029734A00FCDE07 /* Products */;
			projectDirPath = "";
			projectRoot = "";
			targets = (
				BE7073C22029734A00FCDE07 /* DemoChatApp */,
			);
		};
/* End PBXProject section */

/* Begin PBXResourcesBuildPhase section */
		BE7073C12029734A00FCDE07 /* Resources */ = {
			isa = PBXResourcesBuildPhase;
			buildActionMask = 2147483647;
			files = (
				BE7073D12029734A00FCDE07 /* LaunchScreen.storyboard in Resources */,
				BE7073CE2029734A00FCDE07 /* Assets.xcassets in Resources */,
				BE7073CC2029734A00FCDE07 /* Main.storyboard in Resources */,
			);
			runOnlyForDeploymentPostprocessing = 0;
		};
/* End PBXResourcesBuildPhase section */

/* Begin PBXShellScriptBuildPhase section */
		0ABBB2CEFD78CC5CE053F324 /* [CP] Embed Pods Frameworks */ = {
			isa = PBXShellScriptBuildPhase;
			buildActionMask = 2147483647;
			files = (
			);
			inputPaths = (
				"${SRCROOT}/Pods/Target Support Files/Pods-DemoChatApp/Pods-DemoChatApp-frameworks.sh",
				"${BUILT_PRODUCTS_DIR}/Alamofire/Alamofire.framework",
				"${BUILT_PRODUCTS_DIR}/Socket.IO-Client-Swift/SocketIO.framework",
				"${BUILT_PRODUCTS_DIR}/SwiftyJSON/SwiftyJSON.framework",
			);
			name = "[CP] Embed Pods Frameworks";
			outputPaths = (
				"${TARGET_BUILD_DIR}/${FRAMEWORKS_FOLDER_PATH}/Alamofire.framework",
				"${TARGET_BUILD_DIR}/${FRAMEWORKS_FOLDER_PATH}/SocketIO.framework",
				"${TARGET_BUILD_DIR}/${FRAMEWORKS_FOLDER_PATH}/SwiftyJSON.framework",
			);
			runOnlyForDeploymentPostprocessing = 0;
			shellPath = /bin/sh;
			shellScript = "\"${SRCROOT}/Pods/Target Support Files/Pods-DemoChatApp/Pods-DemoChatApp-frameworks.sh\"\n";
			showEnvVarsInLog = 0;
		};
		17D82232AB0083C8C62D0D4A /* [CP] Check Pods Manifest.lock */ = {
			isa = PBXShellScriptBuildPhase;
			buildActionMask = 2147483647;
			files = (
			);
			inputPaths = (
				"${PODS_PODFILE_DIR_PATH}/Podfile.lock",
				"${PODS_ROOT}/Manifest.lock",
			);
			name = "[CP] Check Pods Manifest.lock";
			outputPaths = (
				"$(DERIVED_FILE_DIR)/Pods-DemoChatApp-checkManifestLockResult.txt",
			);
			runOnlyForDeploymentPostprocessing = 0;
			shellPath = /bin/sh;
			shellScript = "diff \"${PODS_PODFILE_DIR_PATH}/Podfile.lock\" \"${PODS_ROOT}/Manifest.lock\" > /dev/null\nif [ $? != 0 ] ; then\n    # print error to STDERR\n    echo \"error: The sandbox is not in sync with the Podfile.lock. Run 'pod install' or update your CocoaPods installation.\" >&2\n    exit 1\nfi\n# This output is used by Xcode 'outputs' to avoid re-running this script phase.\necho \"SUCCESS\" > \"${SCRIPT_OUTPUT_FILE_0}\"\n";
			showEnvVarsInLog = 0;
		};
		928828F7FE918488B6692603 /* [CP] Copy Pods Resources */ = {
			isa = PBXShellScriptBuildPhase;
			buildActionMask = 2147483647;
			files = (
			);
			inputPaths = (
			);
			name = "[CP] Copy Pods Resources";
			outputPaths = (
			);
			runOnlyForDeploymentPostprocessing = 0;
			shellPath = /bin/sh;
			shellScript = "\"${SRCROOT}/Pods/Target Support Files/Pods-DemoChatApp/Pods-DemoChatApp-resources.sh\"\n";
			showEnvVarsInLog = 0;
		};
/* End PBXShellScriptBuildPhase section */

/* Begin PBXSourcesBuildPhase section */
		BE7073BF2029734A00FCDE07 /* Sources */ = {
			isa = PBXSourcesBuildPhase;
			buildActionMask = 2147483647;
			files = (
				BE7073C92029734A00FCDE07 /* ViewController.swift in Sources */,
				BE7073C72029734A00FCDE07 /* AppDelegate.swift in Sources */,
				BE5D29C420297F4E00225D59 /* SWRevealViewController.m in Sources */,
			);
			runOnlyForDeploymentPostprocessing = 0;
		};
/* End PBXSourcesBuildPhase section */

/* Begin PBXVariantGroup section */
		BE7073CA2029734A00FCDE07 /* Main.storyboard */ = {
			isa = PBXVariantGroup;
			children = (
				BE7073CB2029734A00FCDE07 /* Base */,
			);
			name = Main.storyboard;
			sourceTree = "<group>";
		};
		BE7073CF2029734A00FCDE07 /* LaunchScreen.storyboard */ = {
			isa = PBXVariantGroup;
			children = (
				BE7073D02029734A00FCDE07 /* Base */,
			);
			name = LaunchScreen.storyboard;
			sourceTree = "<group>";
		};
/* End PBXVariantGroup section */

/* Begin XCBuildConfiguration section */
		BE7073D32029734A00FCDE07 /* Debug */ = {
			isa = XCBuildConfiguration;
			buildSettings = {
				ALWAYS_SEARCH_USER_PATHS = NO;
				CLANG_ANALYZER_NONNULL = YES;
				CLANG_ANALYZER_NUMBER_OBJECT_CONVERSION = YES_AGGRESSIVE;
				CLANG_CXX_LANGUAGE_STANDARD = "gnu++14";
				CLANG_CXX_LIBRARY = "libc++";
				CLANG_ENABLE_MODULES = YES;
				CLANG_ENABLE_OBJC_ARC = YES;
				CLANG_WARN_BLOCK_CAPTURE_AUTORELEASING = YES;
				CLANG_WARN_BOOL_CONVERSION = YES;
				CLANG_WARN_COMMA = YES;
				CLANG_WARN_CONSTANT_CONVERSION = YES;
				CLANG_WARN_DIRECT_OBJC_ISA_USAGE = YES_ERROR;
				CLANG_WARN_DOCUMENTATION_COMMENTS = YES;
				CLANG_WARN_EMPTY_BODY = YES;
				CLANG_WARN_ENUM_CONVERSION = YES;
				CLANG_WARN_INFINITE_RECURSION = YES;
				CLANG_WARN_INT_CONVERSION = YES;
				CLANG_WARN_NON_LITERAL_NULL_CONVERSION = YES;
				CLANG_WARN_OBJC_LITERAL_CONVERSION = YES;
				CLANG_WARN_OBJC_ROOT_CLASS = YES_ERROR;
				CLANG_WARN_RANGE_LOOP_ANALYSIS = YES;
				CLANG_WARN_STRICT_PROTOTYPES = YES;
				CLANG_WARN_SUSPICIOUS_MOVE = YES;
				CLANG_WARN_UNGUARDED_AVAILABILITY = YES_AGGRESSIVE;
				CLANG_WARN_UNREACHABLE_CODE = YES;
				CLANG_WARN__DUPLICATE_METHOD_MATCH = YES;
				CODE_SIGN_IDENTITY = "iPhone Developer";
				COPY_PHASE_STRIP = NO;
				DEBUG_INFORMATION_FORMAT = dwarf;
				ENABLE_STRICT_OBJC_MSGSEND = YES;
				ENABLE_TESTABILITY = YES;
				GCC_C_LANGUAGE_STANDARD = gnu11;
				GCC_DYNAMIC_NO_PIC = NO;
				GCC_NO_COMMON_BLOCKS = YES;
				GCC_OPTIMIZATION_LEVEL = 0;
				GCC_PREPROCESSOR_DEFINITIONS = (
					"DEBUG=1",
					"$(inherited)",
				);
				GCC_WARN_64_TO_32_BIT_CONVERSION = YES;
				GCC_WARN_ABOUT_RETURN_TYPE = YES_ERROR;
				GCC_WARN_UNDECLARED_SELECTOR = YES;
				GCC_WARN_UNINITIALIZED_AUTOS = YES_AGGRESSIVE;
				GCC_WARN_UNUSED_FUNCTION = YES;
				GCC_WARN_UNUSED_VARIABLE = YES;
				IPHONEOS_DEPLOYMENT_TARGET = 11.2;
				MTL_ENABLE_DEBUG_INFO = YES;
				ONLY_ACTIVE_ARCH = YES;
				SDKROOT = iphoneos;
				SWIFT_ACTIVE_COMPILATION_CONDITIONS = DEBUG;
				SWIFT_OPTIMIZATION_LEVEL = "-Onone";
			};
			name = Debug;
		};
		BE7073D42029734A00FCDE07 /* Release */ = {
			isa = XCBuildConfiguration;
			buildSettings = {
				ALWAYS_SEARCH_USER_PATHS = NO;
				CLANG_ANALYZER_NONNULL = YES;
				CLANG_ANALYZER_NUMBER_OBJECT_CONVERSION = YES_AGGRESSIVE;
				CLANG_CXX_LANGUAGE_STANDARD = "gnu++14";
				CLANG_CXX_LIBRARY = "libc++";
				CLANG_ENABLE_MODULES = YES;
				CLANG_ENABLE_OBJC_ARC = YES;
				CLANG_WARN_BLOCK_CAPTURE_AUTORELEASING = YES;
				CLANG_WARN_BOOL_CONVERSION = YES;
				CLANG_WARN_COMMA = YES;
				CLANG_WARN_CONSTANT_CONVERSION = YES;
				CLANG_WARN_DIRECT_OBJC_ISA_USAGE = YES_ERROR;
				CLANG_WARN_DOCUMENTATION_COMMENTS = YES;
				CLANG_WARN_EMPTY_BODY = YES;
				CLANG_WARN_ENUM_CONVERSION = YES;
				CLANG_WARN_INFINITE_RECURSION = YES;
				CLANG_WARN_INT_CONVERSION = YES;
				CLANG_WARN_NON_LITERAL_NULL_CONVERSION = YES;
				CLANG_WARN_OBJC_LITERAL_CONVERSION = YES;
				CLANG_WARN_OBJC_ROOT_CLASS = YES_ERROR;
				CLANG_WARN_RANGE_LOOP_ANALYSIS = YES;
				CLANG_WARN_STRICT_PROTOTYPES = YES;
				CLANG_WARN_SUSPICIOUS_MOVE = YES;
				CLANG_WARN_UNGUARDED_AVAILABILITY = YES_AGGRESSIVE;
				CLANG_WARN_UNREACHABLE_CODE = YES;
				CLANG_WARN__DUPLICATE_METHOD_MATCH = YES;
				CODE_SIGN_IDENTITY = "iPhone Developer";
				COPY_PHASE_STRIP = NO;
				DEBUG_INFORMATION_FORMAT = "dwarf-with-dsym";
				ENABLE_NS_ASSERTIONS = NO;
				ENABLE_STRICT_OBJC_MSGSEND = YES;
				GCC_C_LANGUAGE_STANDARD = gnu11;
				GCC_NO_COMMON_BLOCKS = YES;
				GCC_WARN_64_TO_32_BIT_CONVERSION = YES;
				GCC_WARN_ABOUT_RETURN_TYPE = YES_ERROR;
				GCC_WARN_UNDECLARED_SELECTOR = YES;
				GCC_WARN_UNINITIALIZED_AUTOS = YES_AGGRESSIVE;
				GCC_WARN_UNUSED_FUNCTION = YES;
				GCC_WARN_UNUSED_VARIABLE = YES;
				IPHONEOS_DEPLOYMENT_TARGET = 11.2;
				MTL_ENABLE_DEBUG_INFO = NO;
				SDKROOT = iphoneos;
				SWIFT_OPTIMIZATION_LEVEL = "-Owholemodule";
				VALIDATE_PRODUCT = YES;
			};
			name = Release;
		};
		BE7073D62029734A00FCDE07 /* Debug */ = {
			isa = XCBuildConfiguration;
			baseConfigurationReference = E24121BC0AF95C8DF9F6E320 /* Pods-DemoChatApp.debug.xcconfig */;
			buildSettings = {
				ASSETCATALOG_COMPILER_APPICON_NAME = AppIcon;
				CLANG_ENABLE_MODULES = YES;
				CODE_SIGN_STYLE = Automatic;
				DEVELOPMENT_TEAM = 9Y5P88P6T5;
				INFOPLIST_FILE = DemoChatApp/Info.plist;
				LD_RUNPATH_SEARCH_PATHS = "$(inherited) @executable_path/Frameworks";
				PRODUCT_BUNDLE_IDENTIFIER = "com.fcc-pro.DemoChatApp";
				PRODUCT_NAME = "$(TARGET_NAME)";
				SWIFT_OBJC_BRIDGING_HEADER = "Supporting Files/DemoChatApp-Bridging-Header.h";
				SWIFT_OPTIMIZATION_LEVEL = "-Onone";
				SWIFT_VERSION = 4.0;
				TARGETED_DEVICE_FAMILY = "1,2";
			};
			name = Debug;
		};
		BE7073D72029734A00FCDE07 /* Release */ = {
			isa = XCBuildConfiguration;
			baseConfigurationReference = 3B6D0D2A64C1FFDBB4EB7E57 /* Pods-DemoChatApp.release.xcconfig */;
			buildSettings = {
				ASSETCATALOG_COMPILER_APPICON_NAME = AppIcon;
				CLANG_ENABLE_MODULES = YES;
				CODE_SIGN_STYLE = Automatic;
				DEVELOPMENT_TEAM = 9Y5P88P6T5;
				INFOPLIST_FILE = DemoChatApp/Info.plist;
				LD_RUNPATH_SEARCH_PATHS = "$(inherited) @executable_path/Frameworks";
				PRODUCT_BUNDLE_IDENTIFIER = "com.fcc-pro.DemoChatApp";
				PRODUCT_NAME = "$(TARGET_NAME)";
				SWIFT_OBJC_BRIDGING_HEADER = "Supporting Files/DemoChatApp-Bridging-Header.h";
				SWIFT_VERSION = 4.0;
				TARGETED_DEVICE_FAMILY = "1,2";
			};
			name = Release;
		};
/* End XCBuildConfiguration section */

/* Begin XCConfigurationList section */
		BE7073BE2029734A00FCDE07 /* Build configuration list for PBXProject "DemoChatApp" */ = {
			isa = XCConfigurationList;
			buildConfigurations = (
				BE7073D32029734A00FCDE07 /* Debug */,
				BE7073D42029734A00FCDE07 /* Release */,
			);
			defaultConfigurationIsVisible = 0;
			defaultConfigurationName = Release;
		};
		BE7073D52029734A00FCDE07 /* Build configuration list for PBXNativeTarget "DemoChatApp" */ = {
			isa = XCConfigurationList;
			buildConfigurations = (
				BE7073D62029734A00FCDE07 /* Debug */,
				BE7073D72029734A00FCDE07 /* Release */,
			);
			defaultConfigurationIsVisible = 0;
			defaultConfigurationName = Release;
		};
/* End XCConfigurationList section */
	};
	rootObject = BE7073BB2029734A00FCDE07 /* Project object */;
}
